%{
  "amqp": {:hex, :amqp, "1.1.1", "e902a8e112c9c476995440c4beac867f054dc531de208adc01aa411dd07754a2", [:mix], [{:amqp_client, "~> 3.7.11", [hex: :amqp_client, repo: "hexpm", optional: false]}, {:goldrush, "~> 0.1.0", [hex: :goldrush, repo: "hexpm", optional: false]}, {:jsx, "~> 2.9", [hex: :jsx, repo: "hexpm", optional: false]}, {:lager, "~> 3.6.5", [hex: :lager, repo: "hexpm", optional: false]}, {:rabbit_common, "~> 3.7.11", [hex: :rabbit_common, repo: "hexpm", optional: false]}, {:ranch, "~> 1.7", [hex: :ranch, repo: "hexpm", optional: false]}, {:recon, "~> 2.3.6", [hex: :recon, repo: "hexpm", optional: false]}], "hexpm"},
  "amqp_client": {:hex, :amqp_client, "3.7.11", "e692b3ba59e6df93c13cec5feefb62c956fcdbae341565101c7668375cc387fe", [:make, :rebar3], [{:rabbit_common, "3.7.11", [hex: :rabbit_common, repo: "hexpm", optional: false]}], "hexpm"},
  "artificery": {:hex, :artificery, "0.4.1", "90b1fcedb9034853b36dbea2174f9fc1172bd50b0686a723178103def5c9c1c8", [:mix], [], "hexpm"},
  "certifi": {:hex, :certifi, "2.5.1", "867ce347f7c7d78563450a18a6a28a8090331e77fa02380b4a21962a65d36ee5", [:rebar3], [{:parse_trans, "~>3.3", [hex: :parse_trans, repo: "hexpm", optional: false]}], "hexpm"},
  "circuits_gpio": {:hex, :circuits_gpio, "0.4.1", "344dd34f2517687fd28723e5552571babff5469db05b697181cab860fe7eff23", [:make, :mix], [{:elixir_make, "~> 0.5", [hex: :elixir_make, repo: "hexpm", optional: false]}], "hexpm"},
  "circuits_uart": {:hex, :circuits_uart, "1.3.1", "8c0a56f06828133a0b08363ecb994350a9529d388a912357d31829ae617cd801", [:mix], [{:elixir_make, "~> 0.4", [hex: :elixir_make, repo: "hexpm", optional: false]}], "hexpm"},
  "combine": {:hex, :combine, "0.10.0", "eff8224eeb56498a2af13011d142c5e7997a80c8f5b97c499f84c841032e429f", [:mix], [], "hexpm"},
  "connection": {:hex, :connection, "1.0.4", "a1cae72211f0eef17705aaededacac3eb30e6625b04a6117c1b2db6ace7d5976", [:mix], [], "hexpm"},
  "cors_plug": {:hex, :cors_plug, "2.0.0", "238ddb479f92b38f6dc1ae44b8d81f0387f9519101a6da442d543ab70ee0e482", [:mix], [{:plug, "~> 1.3 or ~> 1.4 or ~> 1.5", [hex: :plug, repo: "hexpm", optional: false]}], "hexpm"},
  "cowboy": {:hex, :cowboy, "2.6.3", "99aa50e94e685557cad82e704457336a453d4abcb77839ad22dbe71f311fcc06", [:rebar3], [{:cowlib, "~> 2.7.3", [hex: :cowlib, repo: "hexpm", optional: false]}, {:ranch, "~> 1.7.1", [hex: :ranch, repo: "hexpm", optional: false]}], "hexpm"},
  "cowlib": {:hex, :cowlib, "2.7.3", "a7ffcd0917e6d50b4d5fb28e9e2085a0ceb3c97dea310505f7460ff5ed764ce9", [:rebar3], [], "hexpm"},
  "db_connection": {:hex, :db_connection, "1.1.3", "89b30ca1ef0a3b469b1c779579590688561d586694a3ce8792985d4d7e575a61", [:mix], [{:connection, "~> 1.0.2", [hex: :connection, repo: "hexpm", optional: false]}, {:poolboy, "~> 1.5", [hex: :poolboy, repo: "hexpm", optional: true]}, {:sbroker, "~> 1.0", [hex: :sbroker, repo: "hexpm", optional: true]}], "hexpm"},
  "decimal": {:hex, :decimal, "1.7.0", "30d6b52c88541f9a66637359ddf85016df9eb266170d53105f02e4a67e00c5aa", [:mix], [], "hexpm"},
  "dhcp_server": {:hex, :dhcp_server, "0.7.0", "6ac0267df1591968abd10a1582fd1f4481b4567f33a60fd159f7de6e93f91e52", [:make, :mix], [{:elixir_make, "~> 0.5", [hex: :elixir_make, repo: "hexpm", optional: false]}], "hexpm"},
  "dialyxir": {:hex, :dialyxir, "1.0.0-rc.6", "78e97d9c0ff1b5521dd68041193891aebebce52fc3b93463c0a6806874557d7d", [:mix], [{:erlex, "~> 0.2.1", [hex: :erlex, repo: "hexpm", optional: false]}], "hexpm"},
  "distillery": {:hex, :distillery, "2.0.12", "6e78fe042df82610ac3fa50bd7d2d8190ad287d120d3cd1682d83a44e8b34dfb", [:mix], [{:artificery, "~> 0.2", [hex: :artificery, repo: "hexpm", optional: false]}], "hexpm"},
  "dns": {:hex, :dns, "2.1.2", "81c46d39f7934f0e73368355126e4266762cf227ba61d5889635d83b2d64a493", [:mix], [{:socket, "~> 0.3.13", [hex: :socket, repo: "hexpm", optional: false]}], "hexpm"},
  "earmark": {:hex, :earmark, "1.3.2", "b840562ea3d67795ffbb5bd88940b1bed0ed9fa32834915125ea7d02e35888a5", [:mix], [], "hexpm"},
  "ecto": {:hex, :ecto, "2.2.9", "031d55df9bb430cb118e6f3026a87408d9ce9638737bda3871e5d727a3594aae", [:mix], [{:db_connection, "~> 1.1", [hex: :db_connection, repo: "hexpm", optional: true]}, {:decimal, "~> 1.2", [hex: :decimal, repo: "hexpm", optional: false]}, {:mariaex, "~> 0.8.0", [hex: :mariaex, repo: "hexpm", optional: true]}, {:poison, "~> 2.2 or ~> 3.0", [hex: :poison, repo: "hexpm", optional: true]}, {:poolboy, "~> 1.5", [hex: :poolboy, repo: "hexpm", optional: false]}, {:postgrex, "~> 0.13.0", [hex: :postgrex, repo: "hexpm", optional: true]}, {:sbroker, "~> 1.0", [hex: :sbroker, repo: "hexpm", optional: true]}], "hexpm"},
  "elixir_make": {:hex, :elixir_make, "0.5.2", "96a28c79f5b8d34879cd95ebc04d2a0d678cfbbd3e74c43cb63a76adf0ee8054", [:mix], [], "hexpm"},
  "erlex": {:hex, :erlex, "0.2.1", "cee02918660807cbba9a7229cae9b42d1c6143b768c781fa6cee1eaf03ad860b", [:mix], [], "hexpm"},
  "esqlite": {:hex, :esqlite, "0.3.0", "f6c96fae1236fd8da73da904278b820c807aee4f41c7c837c33de1c2edb857fb", [:rebar3], [], "hexpm"},
  "ex_doc": {:hex, :ex_doc, "0.20.1", "88eaa16e67c505664fd6a66f42ddb962d424ad68df586b214b71443c69887123", [:mix], [{:earmark, "~> 1.3", [hex: :earmark, repo: "hexpm", optional: false]}, {:makeup_elixir, "~> 0.10", [hex: :makeup_elixir, repo: "hexpm", optional: false]}], "hexpm"},
  "excoveralls": {:hex, :excoveralls, "0.10.6", "e2b9718c9d8e3ef90bc22278c3f76c850a9f9116faf4ebe9678063310742edc2", [:mix], [{:hackney, "~> 1.13", [hex: :hackney, repo: "hexpm", optional: false]}, {:jason, "~> 1.0", [hex: :jason, repo: "hexpm", optional: false]}], "hexpm"},
  "farmbot_system_rpi": {:hex, :farmbot_system_rpi, "1.6.3-farmbot.0", "26a5d4240c0b0887695681206f19e9ee25827fead4a358bf4ea26384bc9aebcd", [:mix], [{:nerves, "~> 1.3", [hex: :nerves, repo: "hexpm", optional: false]}, {:nerves_system_br, "1.6.8", [hex: :nerves_system_br, repo: "hexpm", optional: false]}, {:nerves_system_linter, "~> 0.3.0", [hex: :nerves_system_linter, repo: "hexpm", optional: false]}, {:nerves_toolchain_armv6_rpi_linux_gnueabi, "1.1.0", [hex: :nerves_toolchain_armv6_rpi_linux_gnueabi, repo: "hexpm", optional: false]}], "hexpm"},
  "farmbot_system_rpi0": {:hex, :farmbot_system_rpi0, "1.6.3-farmbot.0", "0b1f1814c22aa0f092a2c467c47e1b8c43e66101c1b51f5905a272e288ad2431", [:mix], [{:nerves, "~> 1.3", [hex: :nerves, repo: "hexpm", optional: false]}, {:nerves_system_br, "1.6.8", [hex: :nerves_system_br, repo: "hexpm", optional: false]}, {:nerves_system_linter, "~> 0.3.0", [hex: :nerves_system_linter, repo: "hexpm", optional: false]}, {:nerves_toolchain_armv6_rpi_linux_gnueabi, "1.1.0", [hex: :nerves_toolchain_armv6_rpi_linux_gnueabi, repo: "hexpm", optional: false]}], "hexpm"},
  "farmbot_system_rpi3": {:hex, :farmbot_system_rpi3, "1.6.3-farmbot.0", "1538ed20373f32ed5a73a95e883fef46e26e58dcb21890aba1c4f54528cffb33", [:mix], [{:nerves, "~> 1.3", [hex: :nerves, repo: "hexpm", optional: false]}, {:nerves_system_br, "1.6.8", [hex: :nerves_system_br, repo: "hexpm", optional: false]}, {:nerves_system_linter, "~> 0.3.0", [hex: :nerves_system_linter, repo: "hexpm", optional: false]}, {:nerves_toolchain_arm_unknown_linux_gnueabihf, "1.1.0", [hex: :nerves_toolchain_arm_unknown_linux_gnueabihf, repo: "hexpm", optional: false]}], "hexpm"},
  "fwup": {:hex, :fwup, "0.3.0", "2c360815565fcbc945ebbb34b58f156efacb7f8d64766f1cb3426919bb3f41ea", [:mix], [], "hexpm"},
  "gettext": {:hex, :gettext, "0.16.1", "e2130b25eebcbe02bb343b119a07ae2c7e28bd4b146c4a154da2ffb2b3507af2", [:mix], [], "hexpm"},
  "goldrush": {:hex, :goldrush, "0.1.9", "f06e5d5f1277da5c413e84d5a2924174182fb108dabb39d5ec548b27424cd106", [:rebar3], [], "hexpm"},
  "hackney": {:hex, :hackney, "1.15.1", "9f8f471c844b8ce395f7b6d8398139e26ddca9ebc171a8b91342ee15a19963f4", [:rebar3], [{:certifi, "2.5.1", [hex: :certifi, repo: "hexpm", optional: false]}, {:idna, "6.0.0", [hex: :idna, repo: "hexpm", optional: false]}, {:metrics, "1.0.1", [hex: :metrics, repo: "hexpm", optional: false]}, {:mimerl, "~>1.1", [hex: :mimerl, repo: "hexpm", optional: false]}, {:ssl_verify_fun, "1.1.4", [hex: :ssl_verify_fun, repo: "hexpm", optional: false]}], "hexpm"},
  "idna": {:hex, :idna, "6.0.0", "689c46cbcdf3524c44d5f3dde8001f364cd7608a99556d8fbd8239a5798d4c10", [:rebar3], [{:unicode_util_compat, "0.4.1", [hex: :unicode_util_compat, repo: "hexpm", optional: false]}], "hexpm"},
  "jason": {:hex, :jason, "1.1.2", "b03dedea67a99223a2eaf9f1264ce37154564de899fd3d8b9a21b1a6fd64afe7", [:mix], [{:decimal, "~> 1.0", [hex: :decimal, repo: "hexpm", optional: true]}], "hexpm"},
  "jsx": {:hex, :jsx, "2.9.0", "d2f6e5f069c00266cad52fb15d87c428579ea4d7d73a33669e12679e203329dd", [:mix, :rebar3], [], "hexpm"},
  "lager": {:hex, :lager, "3.6.5", "831910109f3fcb503debf658ca0538836b348c58bfbf349a6d48228096ce9040", [:rebar3], [{:goldrush, "0.1.9", [hex: :goldrush, repo: "hexpm", optional: false]}], "hexpm"},
  "logger_backend_sqlite": {:hex, :logger_backend_sqlite, "2.3.0", "2a9ba765e66f8f58365d35c07b5a8c27e14c19f6af406f3307fa4689a301c840", [:mix], [{:esqlite, "~> 0.3", [hex: :esqlite, repo: "hexpm", optional: false]}], "hexpm"},
  "makeup": {:hex, :makeup, "0.8.0", "9cf32aea71c7fe0a4b2e9246c2c4978f9070257e5c9ce6d4a28ec450a839b55f", [:mix], [{:nimble_parsec, "~> 0.5.0", [hex: :nimble_parsec, repo: "hexpm", optional: false]}], "hexpm"},
  "makeup_elixir": {:hex, :makeup_elixir, "0.13.0", "be7a477997dcac2e48a9d695ec730b2d22418292675c75aa2d34ba0909dcdeda", [:mix], [{:makeup, "~> 0.8", [hex: :makeup, repo: "hexpm", optional: false]}], "hexpm"},
  "mdns": {:hex, :mdns, "1.0.2", "c8228dd44d3fdd55e9842cb7111c9145f2eeaa8b7adac75012ee0e250962215e", [:mix], [{:dns, "~> 2.0", [hex: :dns, repo: "hexpm", optional: false]}], "hexpm"},
  "metrics": {:hex, :metrics, "1.0.1", "25f094dea2cda98213cecc3aeff09e940299d950904393b2a29d191c346a8486", [:rebar3], [], "hexpm"},
  "mime": {:hex, :mime, "1.3.1", "30ce04ab3175b6ad0bdce0035cba77bba68b813d523d1aac73d9781b4d193cf8", [:mix], [], "hexpm"},
  "mimerl": {:hex, :mimerl, "1.2.0", "67e2d3f571088d5cfd3e550c383094b47159f3eee8ffa08e64106cdf5e981be3", [:rebar3], [], "hexpm"},
  "muontrap": {:hex, :muontrap, "0.4.1", "4d12af9d1a8f45037cf6d602b614bdc1e1781d110b0fef5df4c3a0aaec76dfae", [:make, :mix], [{:elixir_make, "~> 0.5", [hex: :elixir_make, repo: "hexpm", optional: false]}], "hexpm"},
  "nerves": {:hex, :nerves, "1.4.2", "50115139a8451b10672f499e0c9e2ac0d50a8ef16af4176935ddd18820ddcf4c", [:mix], [{:distillery, "2.0.12", [hex: :distillery, repo: "hexpm", optional: false]}, {:jason, "~> 1.0", [hex: :jason, repo: "hexpm", optional: true]}], "hexpm"},
  "nerves_firmware_ssh": {:hex, :nerves_firmware_ssh, "0.4.2", "315b515b872b7a4f18ae1bc37f7943064dfda984ec5ec4a6111b9d69adecee2e", [:mix], [{:nerves_runtime, "~> 0.4", [hex: :nerves_runtime, repo: "hexpm", optional: false]}], "hexpm"},
  "nerves_hub": {:hex, :nerves_hub, "0.7.0", "03b584d4b8327d0a327d6b08e2045728594076ab1529eee9d5fb51f4b9c3c36c", [:mix], [{:fwup, "~> 0.3.0", [hex: :fwup, repo: "hexpm", optional: false]}, {:hackney, "~> 1.10", [hex: :hackney, repo: "hexpm", optional: false]}, {:jason, "~> 1.0", [hex: :jason, repo: "hexpm", optional: false]}, {:nerves_hub_cli, "~> 0.7.0", [hex: :nerves_hub_cli, repo: "hexpm", optional: false]}, {:nerves_runtime, "~> 0.8", [hex: :nerves_runtime, repo: "hexpm", optional: false]}, {:phoenix_client, "~> 0.7", [hex: :phoenix_client, repo: "hexpm", optional: false]}, {:websocket_client, "~> 1.3", [hex: :websocket_client, repo: "hexpm", optional: false]}, {:x509, "~> 0.5", [hex: :x509, repo: "hexpm", optional: false]}], "hexpm"},
  "nerves_hub_cli": {:hex, :nerves_hub_cli, "0.7.2", "c8ddc20ed9c22372cd993d6e96550ee62fe51a61df63ad5bae600535e11f176a", [:mix], [{:nerves_hub_user_api, "~> 0.4", [hex: :nerves_hub_user_api, repo: "hexpm", optional: false]}, {:pbcs, "~> 0.1", [hex: :pbcs, repo: "hexpm", optional: false]}, {:table_rex, "~> 2.0.0", [hex: :table_rex, repo: "hexpm", optional: false]}, {:x509, "~> 0.3", [hex: :x509, repo: "hexpm", optional: false]}], "hexpm"},
  "nerves_hub_user_api": {:hex, :nerves_hub_user_api, "0.4.1", "f7cd4bb8b7ecb53d9aeb57b85618c293e455ec7c87bc1e3af2cf8987b57eb46b", [:mix], [{:hackney, "~> 1.9", [hex: :hackney, repo: "hexpm", optional: false]}, {:jason, "~> 1.0", [hex: :jason, repo: "hexpm", optional: false]}, {:tesla, "~> 1.2.1 or ~> 1.3", [hex: :tesla, repo: "hexpm", optional: false]}, {:x509, "~> 0.3", [hex: :x509, repo: "hexpm", optional: false]}], "hexpm"},
  "nerves_init_gadget": {:hex, :nerves_init_gadget, "0.6.0", "64eb8877b438678aed6d421737326a8cac3810b425e00abd5c7a3a0e95054988", [:mix], [{:mdns, "~> 1.0", [hex: :mdns, repo: "hexpm", optional: false]}, {:nerves_firmware_ssh, "~> 0.2", [hex: :nerves_firmware_ssh, repo: "hexpm", optional: false]}, {:nerves_network, "~> 0.3", [hex: :nerves_network, repo: "hexpm", optional: false]}, {:nerves_runtime, "~> 0.3", [hex: :nerves_runtime, repo: "hexpm", optional: false]}, {:one_dhcpd, "~> 0.1", [hex: :one_dhcpd, repo: "hexpm", optional: false]}, {:ring_logger, "~> 0.4", [hex: :ring_logger, repo: "hexpm", optional: false]}], "hexpm"},
  "nerves_network": {:hex, :nerves_network, "0.5.5", "4690c362707f76c4072810bd9639b2ae8eb7dd9c21119656308b462a087230aa", [:make, :mix], [{:elixir_make, "~> 0.5", [hex: :elixir_make, repo: "hexpm", optional: false]}, {:nerves_network_interface, "~> 0.4.4", [hex: :nerves_network_interface, repo: "hexpm", optional: false]}, {:nerves_wpa_supplicant, "~> 0.5", [hex: :nerves_wpa_supplicant, repo: "hexpm", optional: false]}, {:one_dhcpd, "~> 0.2.0", [hex: :one_dhcpd, repo: "hexpm", optional: false]}, {:system_registry, "~> 0.7", [hex: :system_registry, repo: "hexpm", optional: false]}], "hexpm"},
  "nerves_network_interface": {:hex, :nerves_network_interface, "0.4.6", "d50e57daca8154f0f780fd98eb5ae94a005579e0d72d69840e80e228375d88ad", [:make, :mix], [{:elixir_make, "~> 0.5", [hex: :elixir_make, repo: "hexpm", optional: false]}], "hexpm"},
  "nerves_runtime": {:hex, :nerves_runtime, "0.9.4", "c2f5e0f9bce552e9593f59c76ccecc8f40580d97d327fe1bae383a65153105de", [:make, :mix], [{:elixir_make, "~> 0.5", [hex: :elixir_make, repo: "hexpm", optional: false]}, {:system_registry, "~> 0.5", [hex: :system_registry, repo: "hexpm", optional: false]}, {:uboot_env, "~> 0.1", [hex: :uboot_env, repo: "hexpm", optional: false]}], "hexpm"},
  "nerves_system_br": {:hex, :nerves_system_br, "1.6.8", "cd8993547c23056712b3244257da638e843ab9274da00ca440e350a083f8ea32", [:mix], [], "hexpm"},
  "nerves_system_linter": {:hex, :nerves_system_linter, "0.3.0", "84e0f63c8ac196b16b77608bbe7df66dcf352845c4e4fb394bffd2b572025413", [:mix], [], "hexpm"},
  "nerves_time": {:hex, :nerves_time, "0.2.1", "7472fdc643c4dd93b841c710b84aa83ac6ef6879b50b7568b2ed8c862db673aa", [:make, :mix], [{:elixir_make, "~> 0.5", [hex: :elixir_make, repo: "hexpm", optional: false]}, {:muontrap, "~> 0.4", [hex: :muontrap, repo: "hexpm", optional: false]}], "hexpm"},
  "nerves_toolchain_arm_unknown_linux_gnueabihf": {:hex, :nerves_toolchain_arm_unknown_linux_gnueabihf, "1.1.0", "ca466a656f8653346a8551a35743f7c41046f3d53e945723e970cb4a7811e617", [:mix], [{:nerves, "~> 1.0", [hex: :nerves, repo: "hexpm", optional: false]}, {:nerves_toolchain_ctng, "~> 1.5.0", [hex: :nerves_toolchain_ctng, repo: "hexpm", optional: false]}], "hexpm"},
  "nerves_toolchain_armv6_rpi_linux_gnueabi": {:hex, :nerves_toolchain_armv6_rpi_linux_gnueabi, "1.1.0", "2753102e667d9778047b351618f3dfdc016b81148df58d142fee7630d96a31fe", [:mix], [{:nerves, "~> 1.0", [hex: :nerves, repo: "hexpm", optional: false]}, {:nerves_toolchain_ctng, "~> 1.5.0", [hex: :nerves_toolchain_ctng, repo: "hexpm", optional: false]}], "hexpm"},
  "nerves_toolchain_ctng": {:hex, :nerves_toolchain_ctng, "1.5.0", "34b8f5664858ff6ce09730b26221441398acd1fa361b8c6d744d9ec18238c16b", [:mix], [{:nerves, "~> 1.0", [hex: :nerves, repo: "hexpm", optional: false]}], "hexpm"},
  "nerves_wpa_supplicant": {:hex, :nerves_wpa_supplicant, "0.5.2", "4ec392fc08faf35f50d1070446c2e5019f6b85bd53f5716f904e3f75716d9596", [:make, :mix], [{:elixir_make, "~> 0.5", [hex: :elixir_make, repo: "hexpm", optional: false]}], "hexpm"},
  "nimble_parsec": {:hex, :nimble_parsec, "0.5.0", "90e2eca3d0266e5c53f8fbe0079694740b9c91b6747f2b7e3c5d21966bba8300", [:mix], [], "hexpm"},
  "one_dhcpd": {:hex, :one_dhcpd, "0.2.2", "2dfdcad61ed7c6d9f652bc1a06f14924a497de2c2aa2d4f48ee3b1aa13be0f33", [:make, :mix], [{:elixir_make, "~> 0.5", [hex: :elixir_make, repo: "hexpm", optional: false]}], "hexpm"},
  "parse_trans": {:hex, :parse_trans, "3.3.0", "09765507a3c7590a784615cfd421d101aec25098d50b89d7aa1d66646bc571c1", [:rebar3], [], "hexpm"},
  "pbcs": {:hex, :pbcs, "0.1.1", "199c7fd4af3351758378355909145a2d187c565555ed16bde30b5055114652ed", [:mix], [], "hexpm"},
  "phoenix_client": {:hex, :phoenix_client, "0.7.0", "1dfd1a4550d6ea2399433f308c827675ee8a59bfbd7a9c8aa0f0d59710e2493c", [:mix], [{:jason, "~> 1.0", [hex: :jason, repo: "hexpm", optional: true]}, {:websocket_client, "~> 1.3", [hex: :websocket_client, repo: "hexpm", optional: true]}], "hexpm"},
  "phoenix_html": {:hex, :phoenix_html, "2.13.2", "f5d27c9b10ce881a60177d2b5227314fc60881e6b66b41dfe3349db6ed06cf57", [:mix], [{:plug, "~> 1.5", [hex: :plug, repo: "hexpm", optional: false]}], "hexpm"},
  "plug": {:hex, :plug, "1.8.0", "9d2685cb007fe5e28ed9ac27af2815bc262b7817a00929ac10f56f169f43b977", [:mix], [{:mime, "~> 1.0", [hex: :mime, repo: "hexpm", optional: false]}, {:plug_crypto, "~> 1.0", [hex: :plug_crypto, repo: "hexpm", optional: false]}, {:telemetry, "~> 0.4", [hex: :telemetry, repo: "hexpm", optional: true]}], "hexpm"},
  "plug_cowboy": {:hex, :plug_cowboy, "2.0.2", "6055f16868cc4882b24b6e1d63d2bada94fb4978413377a3b32ac16c18dffba2", [:mix], [{:cowboy, "~> 2.5", [hex: :cowboy, repo: "hexpm", optional: false]}, {:plug, "~> 1.7", [hex: :plug, repo: "hexpm", optional: false]}], "hexpm"},
  "plug_crypto": {:hex, :plug_crypto, "1.0.0", "18e49317d3fa343f24620ed22795ec29d4a5e602d52d1513ccea0b07d8ea7d4d", [:mix], [], "hexpm"},
  "poolboy": {:hex, :poolboy, "1.5.2", "392b007a1693a64540cead79830443abf5762f5d30cf50bc95cb2c1aaafa006b", [:rebar3], [], "hexpm"},
  "rabbit_common": {:hex, :rabbit_common, "3.7.11", "dc107a55f6213875264c5ffe014a8d7b34004893d9bc9eb5e16d6c519fb96cf1", [:make, :rebar3], [{:jsx, "2.9.0", [hex: :jsx, repo: "hexpm", optional: false]}, {:lager, "3.6.5", [hex: :lager, repo: "hexpm", optional: false]}, {:ranch, "1.7.1", [hex: :ranch, repo: "hexpm", optional: false]}, {:recon, "2.3.6", [hex: :recon, repo: "hexpm", optional: false]}], "hexpm"},
  "ranch": {:hex, :ranch, "1.7.1", "6b1fab51b49196860b733a49c07604465a47bdb78aa10c1c16a3d199f7f8c881", [:rebar3], [], "hexpm"},
  "recon": {:hex, :recon, "2.3.6", "2bcad0cf621fb277cabbb6413159cd3aa30265c2dee42c968697988b30108604", [:rebar3], [], "hexpm"},
  "ring_logger": {:hex, :ring_logger, "0.6.1", "568dbd9eebf26c661427de5204d8a91adaa740993f3ac5aa450257f62b6e7178", [:mix], [], "hexpm"},
  "sbroker": {:hex, :sbroker, "1.0.0", "28ff1b5e58887c5098539f236307b36fe1d3edaa2acff9d6a3d17c2dcafebbd0", [:rebar3], [], "hexpm"},
  "shoehorn": {:hex, :shoehorn, "0.5.0", "da8e37dbee92454dd8e20c86953de94bdcaddb2dcda6c72cf4a3de5f52e0f322", [:mix], [{:distillery, "~> 2.0", [hex: :distillery, repo: "hexpm", optional: false]}], "hexpm"},
  "socket": {:hex, :socket, "0.3.13", "98a2ab20ce17f95fb512c5cadddba32b57273e0d2dba2d2e5f976c5969d0c632", [:mix], [], "hexpm"},
  "sqlite_ecto2": {:hex, :sqlite_ecto2, "2.3.1", "fe58926854c3962c4c8710bd1070dd4ba3717ba77250387794cb7a65f77006aa", [:mix], [{:connection, "~> 1.0", [hex: :connection, repo: "hexpm", optional: false]}, {:db_connection, "~> 1.1", [hex: :db_connection, repo: "hexpm", optional: false]}, {:decimal, "~> 1.5", [hex: :decimal, repo: "hexpm", optional: false]}, {:ecto, "2.2.9", [hex: :ecto, repo: "hexpm", optional: false]}, {:poison, "~> 2.2 or ~> 3.0", [hex: :poison, repo: "hexpm", optional: true]}, {:postgrex, "~> 0.13", [hex: :postgrex, repo: "hexpm", optional: true]}, {:sbroker, "~> 1.0", [hex: :sbroker, repo: "hexpm", optional: false]}, {:sqlitex, "~> 1.4", [hex: :sqlitex, repo: "hexpm", optional: false]}], "hexpm"},
  "sqlitex": {:hex, :sqlitex, "1.5.1", "0242c9a7602180b4f974315e6776c48d4ba211e9f4c5774dc886f15dc1a2edb3", [:mix], [{:decimal, "~> 1.7", [hex: :decimal, repo: "hexpm", optional: false]}, {:esqlite, "~> 0.3.0", [hex: :esqlite, repo: "hexpm", optional: false]}], "hexpm"},
  "ssl_verify_fun": {:hex, :ssl_verify_fun, "1.1.4", "f0eafff810d2041e93f915ef59899c923f4568f4585904d010387ed74988e77b", [:make, :mix, :rebar3], [], "hexpm"},
  "system_registry": {:hex, :system_registry, "0.8.2", "df791dc276652fcfb53be4dab823e05f8269b96ac57c26f86a67838dbc0eefe7", [:mix], [], "hexpm"},
  "table_rex": {:hex, :table_rex, "2.0.0", "712783cbc2decb4d644d2ab8ad9315294f960c41b2cf0539308164922e352084", [:mix], [], "hexpm"},
  "tesla": {:hex, :tesla, "1.2.1", "864783cc27f71dd8c8969163704752476cec0f3a51eb3b06393b3971dc9733ff", [:mix], [{:exjsx, ">= 3.0.0", [hex: :exjsx, repo: "hexpm", optional: true]}, {:fuse, "~> 2.4", [hex: :fuse, repo: "hexpm", optional: true]}, {:hackney, "~> 1.6", [hex: :hackney, repo: "hexpm", optional: true]}, {:ibrowse, "~> 4.4.0", [hex: :ibrowse, repo: "hexpm", optional: true]}, {:jason, ">= 1.0.0", [hex: :jason, repo: "hexpm", optional: true]}, {:mime, "~> 1.0", [hex: :mime, repo: "hexpm", optional: false]}, {:poison, ">= 1.0.0", [hex: :poison, repo: "hexpm", optional: true]}], "hexpm"},
  "timex": {:hex, :timex, "3.5.0", "b0a23167da02d0fe4f1a4e104d1f929a00d348502b52432c05de875d0b9cffa5", [:mix], [{:combine, "~> 0.10", [hex: :combine, repo: "hexpm", optional: false]}, {:gettext, "~> 0.10", [hex: :gettext, repo: "hexpm", optional: false]}, {:tzdata, "~> 0.1.8 or ~> 0.5", [hex: :tzdata, repo: "hexpm", optional: false]}], "hexpm"},
  "toolshed": {:hex, :toolshed, "0.2.7", "18db27b5edfe3b2518d0111aa88b53bb1601bc64382edd321174c83fd89cba90", [:mix], [{:nerves_runtime, "~> 0.8", [hex: :nerves_runtime, repo: "hexpm", optional: true]}], "hexpm"},
  "tzdata": {:hex, :tzdata, "0.5.20", "304b9e98a02840fb32a43ec111ffbe517863c8566eb04a061f1c4dbb90b4d84c", [:mix], [{:hackney, "~> 1.0", [hex: :hackney, repo: "hexpm", optional: false]}], "hexpm"},
  "uboot_env": {:hex, :uboot_env, "0.1.1", "b01e3ec0973e99473234f27839e29e63b5b81eba6a136a18a78d049d4813d6c5", [:mix], [], "hexpm"},
  "unicode_util_compat": {:hex, :unicode_util_compat, "0.4.1", "d869e4c68901dd9531385bb0c8c40444ebf624e60b6962d95952775cac5e90cd", [:rebar3], [], "hexpm"},
  "uuid": {:hex, :uuid, "1.1.8", "e22fc04499de0de3ed1116b770c7737779f226ceefa0badb3592e64d5cfb4eb9", [:mix], [], "hexpm"},
  "websocket_client": {:hex, :websocket_client, "1.3.0", "2275d7daaa1cdacebf2068891c9844b15f4fdc3de3ec2602420c2fb486db59b6", [:rebar3], [], "hexpm"},
  "x509": {:hex, :x509, "0.5.4", "471e84f81464b1a55fd1e5441887c15e6ef251e0ec827647f659fc1f68282bee", [:mix], [], "hexpm"},
}
