%{"distillery": {:hex, :distillery, "1.3.0", "2145a0a2195df928d276d96fafbf93380d29e8c54156711a3baf0030ce00943b", [:mix], []},
  "nerves": {:hex, :nerves, "0.5.1", "a55d73752e8f271c7aca5fbe47747f07d0e7760b5e858e7f8da17ab06287f49c", [:mix], [{:distillery, "~> 1.0", [hex: :distillery, optional: false]}]},
  "nerves_system_br": {:git, "https://github.com/tmecklem/nerves_system_br.git", "b4297e361bb8ecb3abb6abdd49e52faa6350af51", [branch: "master"]},
  "nerves_toolchain_armv6_rpi_linux_gnueabi": {:hex, :nerves_toolchain_armv6_rpi_linux_gnueabi, "0.10.0", "a730667fb22710270d3e9fdab8ce7230381c424f65b0381feb693829bc460f80", [:mix], [{:nerves, "~> 0.4", [hex: :nerves, optional: false]}, {:nerves_toolchain_ctng, "~> 0.9", [hex: :nerves_toolchain_ctng, optional: false]}]},
  "nerves_toolchain_ctng": {:hex, :nerves_toolchain_ctng, "0.9.0", "825b2b5bbacc3ad20c8513baafd44978616d5b451e6e052cdb727be81e7cdcac", [:mix], []}}
